
Microsoft Visual Studio Solution File, Format Version 12.00
# Visual Studio Version 17
VisualStudioVersion = 17.14.36401.2 d17.14
MinimumVisualStudioVersion = 10.0.40219.1
Project("{FAE04EC0-301F-11D3-BF4B-00C04F79EFBC}") = "eCommerceMVC", "eCommerceMVC\eCommerceMVC.csproj", "{E6C1BD02-43C4-44BF-B6D7-DF3019711111}"
EndProject
Global
	GlobalSection(SolutionConfigurationPlatforms) = preSolution
		Debug|Any CPU = Debug|Any CPU
		Release|Any CPU = Release|Any CPU
	EndGlobalSection
	GlobalSection(ProjectConfigurationPlatforms) = postSolution
		{E6C1BD02-43C4-44BF-B6D7-DF3019711111}.Debug|Any CPU.ActiveCfg = Debug|Any CPU
		{E6C1BD02-43C4-44BF-B6D7-DF3019711111}.Debug|Any CPU.Build.0 = Debug|Any CPU
		{E6C1BD02-43C4-44BF-B6D7-DF3019711111}.Release|Any CPU.ActiveCfg = Release|Any CPU
		{E6C1BD02-43C4-44BF-B6D7-DF3019711111}.Release|Any CPU.Build.0 = Release|Any CPU
	EndGlobalSection
	GlobalSection(SolutionProperties) = preSolution
		HideSolutionNode = FALSE
	EndGlobalSection
	GlobalSection(ExtensibilityGlobals) = postSolution
		SolutionGuid = {23CE9615-EB21-474C-8CA2-BE7EF3A36761}
	EndGlobalSection
EndGlobal
